
Microsoft Visual Studio Solution File, Format Version 12.00
# Visual Studio Version 17
VisualStudioVersion = 17.14.36221.1 d17.14
MinimumVisualStudioVersion = 10.0.40219.1
Project("{FAE04EC0-301F-11D3-BF4B-00C04F79EFBC}") = "HotelManagementSystem", "HotelManagementSystem\HotelManagementSystem.csproj", "{F93C19C0-C5DF-4A5A-810B-2478A8001899}"
EndProject
Global
	GlobalSection(SolutionConfigurationPlatforms) = preSolution
		Debug|Any CPU = Debug|Any CPU
		Release|Any CPU = Release|Any CPU
	EndGlobalSection
	GlobalSection(ProjectConfigurationPlatforms) = postSolution
		{F93C19C0-C5DF-4A5A-810B-2478A8001899}.Debug|Any CPU.ActiveCfg = Debug|Any CPU
		{F93C19C0-C5DF-4A5A-810B-2478A8001899}.Debug|Any CPU.Build.0 = Debug|Any CPU
		{F93C19C0-C5DF-4A5A-810B-2478A8001899}.Release|Any CPU.ActiveCfg = Release|Any CPU
		{F93C19C0-C5DF-4A5A-810B-2478A8001899}.Release|Any CPU.Build.0 = Release|Any CPU
	EndGlobalSection
	GlobalSection(SolutionProperties) = preSolution
		HideSolutionNode = FALSE
	EndGlobalSection
	GlobalSection(ExtensibilityGlobals) = postSolution
		SolutionGuid = {249EB121-AE74-4659-AF8A-DEB7A408288B}
	EndGlobalSection
EndGlobal
